
Microsoft Visual Studio Solution File, Format Version 12.00
# Visual Studio 14
VisualStudioVersion = 14.0.25420.1
MinimumVisualStudioVersion = 10.0.40219.1
Project("{FAE04EC0-301F-11D3-BF4B-00C04F79EFBC}") = "agencia-viagem-mvc", "agencia-viagem-mvc\agencia-viagem-mvc.csproj", "{B5DAD783-2C0E-4A4B-8E47-B15E0A47CED5}"
EndProject
Project("{FAE04EC0-301F-11D3-BF4B-00C04F79EFBC}") = "Modelo", "Modelo\Modelo.csproj", "{CCB93C66-2B56-41C6-A11F-9E5B0BA910EB}"
EndProject
Project("{FAE04EC0-301F-11D3-BF4B-00C04F79EFBC}") = "Persistencia", "Persistencia\Persistencia.csproj", "{D39042AD-925C-4DBF-BF9B-6964114FB3FD}"
EndProject
Project("{FAE04EC0-301F-11D3-BF4B-00C04F79EFBC}") = "Servico", "Servico\Servico.csproj", "{5F6AF5C1-8364-45C1-8173-FDA8D6197078}"
EndProject
Global
	GlobalSection(SolutionConfigurationPlatforms) = preSolution
		Debug|Any CPU = Debug|Any CPU
		Release|Any CPU = Release|Any CPU
	EndGlobalSection
	GlobalSection(ProjectConfigurationPlatforms) = postSolution
		{B5DAD783-2C0E-4A4B-8E47-B15E0A47CED5}.Debug|Any CPU.ActiveCfg = Debug|Any CPU
		{B5DAD783-2C0E-4A4B-8E47-B15E0A47CED5}.Debug|Any CPU.Build.0 = Debug|Any CPU
		{B5DAD783-2C0E-4A4B-8E47-B15E0A47CED5}.Release|Any CPU.ActiveCfg = Release|Any CPU
		{B5DAD783-2C0E-4A4B-8E47-B15E0A47CED5}.Release|Any CPU.Build.0 = Release|Any CPU
		{CCB93C66-2B56-41C6-A11F-9E5B0BA910EB}.Debug|Any CPU.ActiveCfg = Debug|Any CPU
		{CCB93C66-2B56-41C6-A11F-9E5B0BA910EB}.Debug|Any CPU.Build.0 = Debug|Any CPU
		{CCB93C66-2B56-41C6-A11F-9E5B0BA910EB}.Release|Any CPU.ActiveCfg = Release|Any CPU
		{CCB93C66-2B56-41C6-A11F-9E5B0BA910EB}.Release|Any CPU.Build.0 = Release|Any CPU
		{D39042AD-925C-4DBF-BF9B-6964114FB3FD}.Debug|Any CPU.ActiveCfg = Debug|Any CPU
		{D39042AD-925C-4DBF-BF9B-6964114FB3FD}.Debug|Any CPU.Build.0 = Debug|Any CPU
		{D39042AD-925C-4DBF-BF9B-6964114FB3FD}.Release|Any CPU.ActiveCfg = Release|Any CPU
		{D39042AD-925C-4DBF-BF9B-6964114FB3FD}.Release|Any CPU.Build.0 = Release|Any CPU
		{5F6AF5C1-8364-45C1-8173-FDA8D6197078}.Debug|Any CPU.ActiveCfg = Debug|Any CPU
		{5F6AF5C1-8364-45C1-8173-FDA8D6197078}.Debug|Any CPU.Build.0 = Debug|Any CPU
		{5F6AF5C1-8364-45C1-8173-FDA8D6197078}.Release|Any CPU.ActiveCfg = Release|Any CPU
		{5F6AF5C1-8364-45C1-8173-FDA8D6197078}.Release|Any CPU.Build.0 = Release|Any CPU
	EndGlobalSection
	GlobalSection(SolutionProperties) = preSolution
		HideSolutionNode = FALSE
	EndGlobalSection
EndGlobal
